{
  "requires": true,
  "lockfileVersion": 1,
  "dependencies": {
    "sweetalert2": {
      "version": "10.15.2",
      "resolved": "https://registry.npmjs.org/sweetalert2/-/sweetalert2-10.15.2.tgz",
      "integrity": "sha512-PQyFnkfURWyDRXeSmk0bojvdxnhqGj0xbjtecAPtzDMAHSuJeVd8jr0/AdR/nkyzGV9HNEjRXk8b5hyWinhf9w=="
    }
  }
}
